
Microsoft Visual Studio Solution File, Format Version 11.00
# Visual Studio 2010
Project("{FAE04EC0-301F-11D3-BF4B-00C04F79EFBC}") = "EXP1", "EXP1\EXP1.csproj", "{468E933A-DF69-414C-98D0-39C9044B6791}"
EndProject
Global
	GlobalSection(SolutionConfigurationPlatforms) = preSolution
		Debug|x86 = Debug|x86
		Release|x86 = Release|x86
	EndGlobalSection
	GlobalSection(ProjectConfigurationPlatforms) = postSolution
		{468E933A-DF69-414C-98D0-39C9044B6791}.Debug|x86.ActiveCfg = Debug|x86
		{468E933A-DF69-414C-98D0-39C9044B6791}.Debug|x86.Build.0 = Debug|x86
		{468E933A-DF69-414C-98D0-39C9044B6791}.Release|x86.ActiveCfg = Release|x86
		{468E933A-DF69-414C-98D0-39C9044B6791}.Release|x86.Build.0 = Release|x86
	EndGlobalSection
	GlobalSection(SolutionProperties) = preSolution
		HideSolutionNode = FALSE
	EndGlobalSection
EndGlobal
